
Microsoft Visual Studio Solution File, Format Version 12.00
# Visual Studio Version 16
VisualStudioVersion = 16.0.29326.143
MinimumVisualStudioVersion = 10.0.40219.1
Project("{FAE04EC0-301F-11D3-BF4B-00C04F79EFBC}") = "ServiceSandec", "ServiceSandec.csproj", "{D030E3D7-3FFD-457D-9DFF-1AE854907ECD}"
EndProject
Global
	GlobalSection(SolutionConfigurationPlatforms) = preSolution
		Debug|Any CPU = Debug|Any CPU
		Release|Any CPU = Release|Any CPU
	EndGlobalSection
	GlobalSection(ProjectConfigurationPlatforms) = postSolution
		{D030E3D7-3FFD-457D-9DFF-1AE854907ECD}.Debug|Any CPU.ActiveCfg = Debug|Any CPU
		{D030E3D7-3FFD-457D-9DFF-1AE854907ECD}.Debug|Any CPU.Build.0 = Debug|Any CPU
		{D030E3D7-3FFD-457D-9DFF-1AE854907ECD}.Release|Any CPU.ActiveCfg = Release|Any CPU
		{D030E3D7-3FFD-457D-9DFF-1AE854907ECD}.Release|Any CPU.Build.0 = Release|Any CPU
	EndGlobalSection
	GlobalSection(SolutionProperties) = preSolution
		HideSolutionNode = FALSE
	EndGlobalSection
	GlobalSection(ExtensibilityGlobals) = postSolution
		SolutionGuid = {6F323E39-00AA-439D-BF75-A17293370EC9}
	EndGlobalSection
EndGlobal
